<?xml version="1.0" encoding="utf-8"?>
<Project ToolsVersion="4.0" xmlns="http://schemas.microsoft.com/developer/msbuild/2003">
  <ItemGroup>
    <Filter Include="src">
      <UniqueIdentifier>{d9d3bac6-a3a0-4c2d-a8ff-b621d4381642}</UniqueIdentifier>
    </Filter>
  </ItemGroup>
  <ItemGroup>
    <ClCompile Include="src\LevelEditor.cpp" />
    <ClCompile Include="src\EditorLayer.cpp" />
    <ClCompile Include="src\LevelEditorLayer.cpp" />
  </ItemGroup>
  <ItemGroup>
    <ClInclude Include="src\EditorLayer.h" />
    <ClInclude Include="src\LevelEditorLayer.h" />
  </ItemGroup>
</Project>